
Microsoft Visual Studio Solution File, Format Version 12.00
# Visual Studio Version 17
VisualStudioVersion = 17.5.002.0
MinimumVisualStudioVersion = 10.0.40219.1
Project("{9A19103F-16F7-4668-BE54-9A1E7A4F7556}") = "AZ2003", "AZ2003.csproj", "{86D19211-645A-4CCD-9C68-E22C389D19EB}"
EndProject
Global
	GlobalSection(SolutionConfigurationPlatforms) = preSolution
		Debug|Any CPU = Debug|Any CPU
		Release|Any CPU = Release|Any CPU
	EndGlobalSection
	GlobalSection(ProjectConfigurationPlatforms) = postSolution
		{86D19211-645A-4CCD-9C68-E22C389D19EB}.Debug|Any CPU.ActiveCfg = Debug|Any CPU
		{86D19211-645A-4CCD-9C68-E22C389D19EB}.Debug|Any CPU.Build.0 = Debug|Any CPU
		{86D19211-645A-4CCD-9C68-E22C389D19EB}.Release|Any CPU.ActiveCfg = Release|Any CPU
		{86D19211-645A-4CCD-9C68-E22C389D19EB}.Release|Any CPU.Build.0 = Release|Any CPU
	EndGlobalSection
	GlobalSection(SolutionProperties) = preSolution
		HideSolutionNode = FALSE
	EndGlobalSection
	GlobalSection(ExtensibilityGlobals) = postSolution
		SolutionGuid = {BF28D5FD-2D08-403F-B3BC-BF9FBFE34034}
	EndGlobalSection
EndGlobal
